
Microsoft Visual Studio Solution File, Format Version 12.00
# Visual Studio 15
VisualStudioVersion = 15.0.28307.539
MinimumVisualStudioVersion = 10.0.40219.1
Project("{930C7802-8A8C-48F9-8165-68863BCCD9DD}") = "Setup", "Setup.wixproj", "{9951A19F-7E8D-45D9-B06B-5C9A4865E9FC}"
EndProject
Global
	GlobalSection(SolutionConfigurationPlatforms) = preSolution
		Debug|AnyCPU = Debug|AnyCPU
		Release|AnyCPU = Release|AnyCPU
	EndGlobalSection
	GlobalSection(ProjectConfigurationPlatforms) = postSolution
		{9951A19F-7E8D-45D9-B06B-5C9A4865E9FC}.Debug|AnyCPU.ActiveCfg = Debug|x86
		{9951A19F-7E8D-45D9-B06B-5C9A4865E9FC}.Debug|AnyCPU.Build.0 = Debug|x86
		{9951A19F-7E8D-45D9-B06B-5C9A4865E9FC}.Release|AnyCPU.ActiveCfg = Release|x86
		{9951A19F-7E8D-45D9-B06B-5C9A4865E9FC}.Release|AnyCPU.Build.0 = Release|x86
	EndGlobalSection
	GlobalSection(SolutionProperties) = preSolution
		HideSolutionNode = FALSE
	EndGlobalSection
	GlobalSection(ExtensibilityGlobals) = postSolution
		SolutionGuid = {65775AD9-1355-46EB-9AB6-535DD7355D95}
	EndGlobalSection
EndGlobal
